
Microsoft Visual Studio Solution File, Format Version 12.00
# Visual Studio Version 17
VisualStudioVersion = 17.9.34728.123
MinimumVisualStudioVersion = 10.0.40219.1
Project("{FAE04EC0-301F-11D3-BF4B-00C04F79EFBC}") = "Recruitment.Models", "Recruitment.Models\Recruitment.Models.csproj", "{A300337D-6000-40C7-9D77-72F25E06AB27}"
EndProject
Project("{FAE04EC0-301F-11D3-BF4B-00C04F79EFBC}") = "Recruitment.Services", "Recruitment.Services\Recruitment.Services.csproj", "{24EA5EDF-A2A1-4CC5-87BD-623E8F9223EC}"
EndProject
Global
	GlobalSection(SolutionConfigurationPlatforms) = preSolution
		Debug|Any CPU = Debug|Any CPU
		Release|Any CPU = Release|Any CPU
	EndGlobalSection
	GlobalSection(ProjectConfigurationPlatforms) = postSolution
		{A300337D-6000-40C7-9D77-72F25E06AB27}.Debug|Any CPU.ActiveCfg = Debug|Any CPU
		{A300337D-6000-40C7-9D77-72F25E06AB27}.Debug|Any CPU.Build.0 = Debug|Any CPU
		{A300337D-6000-40C7-9D77-72F25E06AB27}.Release|Any CPU.ActiveCfg = Release|Any CPU
		{A300337D-6000-40C7-9D77-72F25E06AB27}.Release|Any CPU.Build.0 = Release|Any CPU
		{24EA5EDF-A2A1-4CC5-87BD-623E8F9223EC}.Debug|Any CPU.ActiveCfg = Debug|Any CPU
		{24EA5EDF-A2A1-4CC5-87BD-623E8F9223EC}.Debug|Any CPU.Build.0 = Debug|Any CPU
		{24EA5EDF-A2A1-4CC5-87BD-623E8F9223EC}.Release|Any CPU.ActiveCfg = Release|Any CPU
		{24EA5EDF-A2A1-4CC5-87BD-623E8F9223EC}.Release|Any CPU.Build.0 = Release|Any CPU
	EndGlobalSection
	GlobalSection(SolutionProperties) = preSolution
		HideSolutionNode = FALSE
	EndGlobalSection
	GlobalSection(ExtensibilityGlobals) = postSolution
		SolutionGuid = {20D02B97-E1BA-4839-BD18-426E1BE92098}
	EndGlobalSection
EndGlobal
